
Microsoft Visual Studio Solution File, Format Version 12.00
# Visual Studio Version 17
VisualStudioVersion = 17.4.33110.190
MinimumVisualStudioVersion = 10.0.40219.1
Project("{FAE04EC0-301F-11D3-BF4B-00C04F79EFBC}") = "WindowsFormsApp3", "WindowsFormsApp3.csproj", "{A65A73AC-7655-4E32-AEEC-406244695708}"
EndProject
Global
	GlobalSection(SolutionConfigurationPlatforms) = preSolution
		Debug|Any CPU = Debug|Any CPU
		Release|Any CPU = Release|Any CPU
	EndGlobalSection
	GlobalSection(ProjectConfigurationPlatforms) = postSolution
		{A65A73AC-7655-4E32-AEEC-406244695708}.Debug|Any CPU.ActiveCfg = Debug|Any CPU
		{A65A73AC-7655-4E32-AEEC-406244695708}.Debug|Any CPU.Build.0 = Debug|Any CPU
		{A65A73AC-7655-4E32-AEEC-406244695708}.Release|Any CPU.ActiveCfg = Release|Any CPU
		{A65A73AC-7655-4E32-AEEC-406244695708}.Release|Any CPU.Build.0 = Release|Any CPU
	EndGlobalSection
	GlobalSection(SolutionProperties) = preSolution
		HideSolutionNode = FALSE
	EndGlobalSection
	GlobalSection(ExtensibilityGlobals) = postSolution
		SolutionGuid = {879BF1AC-0819-4265-B2F2-56A234DC924F}
	EndGlobalSection
EndGlobal
